
Microsoft Visual Studio Solution File, Format Version 12.00
# Visual Studio Version 17
VisualStudioVersion = 17.8.34322.80
MinimumVisualStudioVersion = 10.0.40219.1
Project("{9A19103F-16F7-4668-BE54-9A1E7A4F7556}") = "XNet.Foundation", "XNet.Foundation\XNet.Foundation.csproj", "{65092E7C-2B99-4686-A4E9-01CD3E1B639D}"
EndProject
Project("{9A19103F-16F7-4668-BE54-9A1E7A4F7556}") = "XNet.Presentation", "XNet.Presentation\XNet.Presentation.csproj", "{8318F0A3-191B-4A71-B874-F37F83BAA320}"
EndProject
Project("{9A19103F-16F7-4668-BE54-9A1E7A4F7556}") = "XNet.Presentation.Wpf", "XNet.Presentation.Wpf\XNet.Presentation.Wpf.csproj", "{292F542F-8678-42D4-8AA1-0ACC7A60E826}"
EndProject
Project("{2150E333-8FDC-42A3-9474-1A3956D46DE8}") = "Unit", "Unit", "{F5A621FD-1F33-45D8-9BE9-AE4E918AD80E}"
EndProject
Project("{9A19103F-16F7-4668-BE54-9A1E7A4F7556}") = "TestMEFUI", "TestMEFUI\TestMEFUI.csproj", "{9551761E-7622-49BC-AA8C-0519FC3D72E3}"
EndProject
Project("{2150E333-8FDC-42A3-9474-1A3956D46DE8}") = "Samples", "Samples", "{69F260A4-364B-45BB-8470-F13157300428}"
EndProject
Project("{9A19103F-16F7-4668-BE54-9A1E7A4F7556}") = "ProArtist.Presentation.Theme", "ProArtist.Presentation.Theme\ProArtist.Presentation.Theme.csproj", "{D70E893E-CE16-43FF-B4A5-93C549F8C7D7}"
EndProject
Project("{2150E333-8FDC-42A3-9474-1A3956D46DE8}") = "Framework", "Framework", "{A5754115-FC7B-4884-9130-D6205F60E6DE}"
EndProject
Project("{9A19103F-16F7-4668-BE54-9A1E7A4F7556}") = "ProArtist.Domain", "ProArtist.Domain\ProArtist.Domain.csproj", "{2A0CA7C9-5ECF-45D8-AF12-CBFF894F3C0F}"
EndProject
Project("{9A19103F-16F7-4668-BE54-9A1E7A4F7556}") = "ProArtist", "ProArtist\ProArtist.csproj", "{9501A5D8-F99E-48D1-8A14-CCE63FBB622A}"
EndProject
Project("{9A19103F-16F7-4668-BE54-9A1E7A4F7556}") = "ProArtist.Infrastructure", "ProArtist.Infrastructure\ProArtist.Infrastructure.csproj", "{11492CE0-1C99-4CBE-872B-7217DD837762}"
EndProject
Project("{FAE04EC0-301F-11D3-BF4B-00C04F79EFBC}") = "ZoomAndPan", "ZoomAndPan-main\ZoomAndPan.csproj", "{468ADEDE-6F5E-40C0-99C9-C6DAC4FAC934}"
EndProject
Project("{2150E333-8FDC-42A3-9474-1A3956D46DE8}") = "Common", "Common", "{803D7412-08AF-46D0-ABAE-8CBFAD9ABC21}"
EndProject
Project("{9A19103F-16F7-4668-BE54-9A1E7A4F7556}") = "XNet.Controls", "XNet.Controls\XNet.Controls.csproj", "{A57ECB66-8B78-4764-8E0C-F056E3CAF160}"
EndProject
Project("{2150E333-8FDC-42A3-9474-1A3956D46DE8}") = "ProArist", "ProArist", "{B8DBF285-F6AE-427C-8C46-43076FC09CC0}"
EndProject
Project("{FAE04EC0-301F-11D3-BF4B-00C04F79EFBC}") = "ProArtist.Presentation", "ProArtist.Presentation\ProArtist.Presentation.csproj", "{BFDE3C81-EAD5-4F42-A6E5-1CBC57071E12}"
EndProject
Global
	GlobalSection(SolutionConfigurationPlatforms) = preSolution
		Debug|Any CPU = Debug|Any CPU
		Release|Any CPU = Release|Any CPU
	EndGlobalSection
	GlobalSection(ProjectConfigurationPlatforms) = postSolution
		{65092E7C-2B99-4686-A4E9-01CD3E1B639D}.Debug|Any CPU.ActiveCfg = Debug|Any CPU
		{65092E7C-2B99-4686-A4E9-01CD3E1B639D}.Debug|Any CPU.Build.0 = Debug|Any CPU
		{65092E7C-2B99-4686-A4E9-01CD3E1B639D}.Release|Any CPU.ActiveCfg = Release|Any CPU
		{65092E7C-2B99-4686-A4E9-01CD3E1B639D}.Release|Any CPU.Build.0 = Release|Any CPU
		{8318F0A3-191B-4A71-B874-F37F83BAA320}.Debug|Any CPU.ActiveCfg = Debug|Any CPU
		{8318F0A3-191B-4A71-B874-F37F83BAA320}.Debug|Any CPU.Build.0 = Debug|Any CPU
		{8318F0A3-191B-4A71-B874-F37F83BAA320}.Release|Any CPU.ActiveCfg = Release|Any CPU
		{8318F0A3-191B-4A71-B874-F37F83BAA320}.Release|Any CPU.Build.0 = Release|Any CPU
		{292F542F-8678-42D4-8AA1-0ACC7A60E826}.Debug|Any CPU.ActiveCfg = Debug|Any CPU
		{292F542F-8678-42D4-8AA1-0ACC7A60E826}.Debug|Any CPU.Build.0 = Debug|Any CPU
		{292F542F-8678-42D4-8AA1-0ACC7A60E826}.Release|Any CPU.ActiveCfg = Release|Any CPU
		{292F542F-8678-42D4-8AA1-0ACC7A60E826}.Release|Any CPU.Build.0 = Release|Any CPU
		{9551761E-7622-49BC-AA8C-0519FC3D72E3}.Debug|Any CPU.ActiveCfg = Debug|Any CPU
		{9551761E-7622-49BC-AA8C-0519FC3D72E3}.Debug|Any CPU.Build.0 = Debug|Any CPU
		{9551761E-7622-49BC-AA8C-0519FC3D72E3}.Release|Any CPU.ActiveCfg = Release|Any CPU
		{9551761E-7622-49BC-AA8C-0519FC3D72E3}.Release|Any CPU.Build.0 = Release|Any CPU
		{D70E893E-CE16-43FF-B4A5-93C549F8C7D7}.Debug|Any CPU.ActiveCfg = Debug|Any CPU
		{D70E893E-CE16-43FF-B4A5-93C549F8C7D7}.Debug|Any CPU.Build.0 = Debug|Any CPU
		{D70E893E-CE16-43FF-B4A5-93C549F8C7D7}.Release|Any CPU.ActiveCfg = Release|Any CPU
		{D70E893E-CE16-43FF-B4A5-93C549F8C7D7}.Release|Any CPU.Build.0 = Release|Any CPU
		{2A0CA7C9-5ECF-45D8-AF12-CBFF894F3C0F}.Debug|Any CPU.ActiveCfg = Debug|Any CPU
		{2A0CA7C9-5ECF-45D8-AF12-CBFF894F3C0F}.Debug|Any CPU.Build.0 = Debug|Any CPU
		{2A0CA7C9-5ECF-45D8-AF12-CBFF894F3C0F}.Release|Any CPU.ActiveCfg = Release|Any CPU
		{2A0CA7C9-5ECF-45D8-AF12-CBFF894F3C0F}.Release|Any CPU.Build.0 = Release|Any CPU
		{9501A5D8-F99E-48D1-8A14-CCE63FBB622A}.Debug|Any CPU.ActiveCfg = Debug|Any CPU
		{9501A5D8-F99E-48D1-8A14-CCE63FBB622A}.Debug|Any CPU.Build.0 = Debug|Any CPU
		{9501A5D8-F99E-48D1-8A14-CCE63FBB622A}.Release|Any CPU.ActiveCfg = Release|Any CPU
		{9501A5D8-F99E-48D1-8A14-CCE63FBB622A}.Release|Any CPU.Build.0 = Release|Any CPU
		{11492CE0-1C99-4CBE-872B-7217DD837762}.Debug|Any CPU.ActiveCfg = Debug|Any CPU
		{11492CE0-1C99-4CBE-872B-7217DD837762}.Debug|Any CPU.Build.0 = Debug|Any CPU
		{11492CE0-1C99-4CBE-872B-7217DD837762}.Release|Any CPU.ActiveCfg = Release|Any CPU
		{11492CE0-1C99-4CBE-872B-7217DD837762}.Release|Any CPU.Build.0 = Release|Any CPU
		{468ADEDE-6F5E-40C0-99C9-C6DAC4FAC934}.Debug|Any CPU.ActiveCfg = Debug|Any CPU
		{468ADEDE-6F5E-40C0-99C9-C6DAC4FAC934}.Debug|Any CPU.Build.0 = Debug|Any CPU
		{468ADEDE-6F5E-40C0-99C9-C6DAC4FAC934}.Release|Any CPU.ActiveCfg = Release|Any CPU
		{468ADEDE-6F5E-40C0-99C9-C6DAC4FAC934}.Release|Any CPU.Build.0 = Release|Any CPU
		{A57ECB66-8B78-4764-8E0C-F056E3CAF160}.Debug|Any CPU.ActiveCfg = Debug|Any CPU
		{A57ECB66-8B78-4764-8E0C-F056E3CAF160}.Debug|Any CPU.Build.0 = Debug|Any CPU
		{A57ECB66-8B78-4764-8E0C-F056E3CAF160}.Release|Any CPU.ActiveCfg = Release|Any CPU
		{A57ECB66-8B78-4764-8E0C-F056E3CAF160}.Release|Any CPU.Build.0 = Release|Any CPU
		{BFDE3C81-EAD5-4F42-A6E5-1CBC57071E12}.Debug|Any CPU.ActiveCfg = Debug|Any CPU
		{BFDE3C81-EAD5-4F42-A6E5-1CBC57071E12}.Debug|Any CPU.Build.0 = Debug|Any CPU
		{BFDE3C81-EAD5-4F42-A6E5-1CBC57071E12}.Release|Any CPU.ActiveCfg = Release|Any CPU
		{BFDE3C81-EAD5-4F42-A6E5-1CBC57071E12}.Release|Any CPU.Build.0 = Release|Any CPU
	EndGlobalSection
	GlobalSection(SolutionProperties) = preSolution
		HideSolutionNode = FALSE
	EndGlobalSection
	GlobalSection(NestedProjects) = preSolution
		{65092E7C-2B99-4686-A4E9-01CD3E1B639D} = {A5754115-FC7B-4884-9130-D6205F60E6DE}
		{8318F0A3-191B-4A71-B874-F37F83BAA320} = {A5754115-FC7B-4884-9130-D6205F60E6DE}
		{292F542F-8678-42D4-8AA1-0ACC7A60E826} = {A5754115-FC7B-4884-9130-D6205F60E6DE}
		{9551761E-7622-49BC-AA8C-0519FC3D72E3} = {F5A621FD-1F33-45D8-9BE9-AE4E918AD80E}
		{D70E893E-CE16-43FF-B4A5-93C549F8C7D7} = {B8DBF285-F6AE-427C-8C46-43076FC09CC0}
		{2A0CA7C9-5ECF-45D8-AF12-CBFF894F3C0F} = {B8DBF285-F6AE-427C-8C46-43076FC09CC0}
		{9501A5D8-F99E-48D1-8A14-CCE63FBB622A} = {B8DBF285-F6AE-427C-8C46-43076FC09CC0}
		{11492CE0-1C99-4CBE-872B-7217DD837762} = {B8DBF285-F6AE-427C-8C46-43076FC09CC0}
		{468ADEDE-6F5E-40C0-99C9-C6DAC4FAC934} = {803D7412-08AF-46D0-ABAE-8CBFAD9ABC21}
		{A57ECB66-8B78-4764-8E0C-F056E3CAF160} = {803D7412-08AF-46D0-ABAE-8CBFAD9ABC21}
		{B8DBF285-F6AE-427C-8C46-43076FC09CC0} = {69F260A4-364B-45BB-8470-F13157300428}
		{BFDE3C81-EAD5-4F42-A6E5-1CBC57071E12} = {B8DBF285-F6AE-427C-8C46-43076FC09CC0}
	EndGlobalSection
	GlobalSection(ExtensibilityGlobals) = postSolution
		SolutionGuid = {C1B82C31-30CA-4310-BA07-714C79B2A682}
	EndGlobalSection
EndGlobal
