
Microsoft Visual Studio Solution File, Format Version 12.00
# Visual Studio Version 17
VisualStudioVersion = 17.8.34322.80
MinimumVisualStudioVersion = 10.0.40219.1
Project("{9A19103F-16F7-4668-BE54-9A1E7A4F7556}") = "XNet.Foundation", "XNet.Foundation\XNet.Foundation.csproj", "{65092E7C-2B99-4686-A4E9-01CD3E1B639D}"
EndProject
Project("{9A19103F-16F7-4668-BE54-9A1E7A4F7556}") = "XNet.Presentation", "XNet.Presentation\XNet.Presentation.csproj", "{8318F0A3-191B-4A71-B874-F37F83BAA320}"
EndProject
Project("{9A19103F-16F7-4668-BE54-9A1E7A4F7556}") = "XNet.Presentation.Wpf", "XNet.Presentation.Wpf\XNet.Presentation.Wpf.csproj", "{292F542F-8678-42D4-8AA1-0ACC7A60E826}"
EndProject
Project("{2150E333-8FDC-42A3-9474-1A3956D46DE8}") = "Samples", "Samples", "{69F260A4-364B-45BB-8470-F13157300428}"
EndProject
Project("{2150E333-8FDC-42A3-9474-1A3956D46DE8}") = "Framework", "Framework", "{A5754115-FC7B-4884-9130-D6205F60E6DE}"
EndProject
Project("{2150E333-8FDC-42A3-9474-1A3956D46DE8}") = "Infrastructure", "Infrastructure", "{7B763051-374C-41EC-9D18-0EB6D3128513}"
EndProject
Project("{FAE04EC0-301F-11D3-BF4B-00C04F79EFBC}") = "XNet.Infrastructure.AutoMapper", "XNet.Infrastructure.AutoMapper\XNet.Infrastructure.AutoMapper.csproj", "{E3057FA6-75EF-40AF-B180-563D5A242080}"
EndProject
Project("{FAE04EC0-301F-11D3-BF4B-00C04F79EFBC}") = "XNet.SCADA", "XNet.SCADA\XNet.SCADA.csproj", "{494E55EB-4DF8-4BEC-8900-5E8FF280ACAE}"
EndProject
Global
	GlobalSection(SolutionConfigurationPlatforms) = preSolution
		Debug|Any CPU = Debug|Any CPU
		Release|Any CPU = Release|Any CPU
	EndGlobalSection
	GlobalSection(ProjectConfigurationPlatforms) = postSolution
		{65092E7C-2B99-4686-A4E9-01CD3E1B639D}.Debug|Any CPU.ActiveCfg = Debug|Any CPU
		{65092E7C-2B99-4686-A4E9-01CD3E1B639D}.Debug|Any CPU.Build.0 = Debug|Any CPU
		{65092E7C-2B99-4686-A4E9-01CD3E1B639D}.Release|Any CPU.ActiveCfg = Release|Any CPU
		{65092E7C-2B99-4686-A4E9-01CD3E1B639D}.Release|Any CPU.Build.0 = Release|Any CPU
		{8318F0A3-191B-4A71-B874-F37F83BAA320}.Debug|Any CPU.ActiveCfg = Debug|Any CPU
		{8318F0A3-191B-4A71-B874-F37F83BAA320}.Debug|Any CPU.Build.0 = Debug|Any CPU
		{8318F0A3-191B-4A71-B874-F37F83BAA320}.Release|Any CPU.ActiveCfg = Release|Any CPU
		{8318F0A3-191B-4A71-B874-F37F83BAA320}.Release|Any CPU.Build.0 = Release|Any CPU
		{292F542F-8678-42D4-8AA1-0ACC7A60E826}.Debug|Any CPU.ActiveCfg = Debug|Any CPU
		{292F542F-8678-42D4-8AA1-0ACC7A60E826}.Debug|Any CPU.Build.0 = Debug|Any CPU
		{292F542F-8678-42D4-8AA1-0ACC7A60E826}.Release|Any CPU.ActiveCfg = Release|Any CPU
		{292F542F-8678-42D4-8AA1-0ACC7A60E826}.Release|Any CPU.Build.0 = Release|Any CPU
		{E3057FA6-75EF-40AF-B180-563D5A242080}.Debug|Any CPU.ActiveCfg = Debug|Any CPU
		{E3057FA6-75EF-40AF-B180-563D5A242080}.Debug|Any CPU.Build.0 = Debug|Any CPU
		{E3057FA6-75EF-40AF-B180-563D5A242080}.Release|Any CPU.ActiveCfg = Release|Any CPU
		{E3057FA6-75EF-40AF-B180-563D5A242080}.Release|Any CPU.Build.0 = Release|Any CPU
		{494E55EB-4DF8-4BEC-8900-5E8FF280ACAE}.Debug|Any CPU.ActiveCfg = Debug|Any CPU
		{494E55EB-4DF8-4BEC-8900-5E8FF280ACAE}.Debug|Any CPU.Build.0 = Debug|Any CPU
		{494E55EB-4DF8-4BEC-8900-5E8FF280ACAE}.Release|Any CPU.ActiveCfg = Release|Any CPU
		{494E55EB-4DF8-4BEC-8900-5E8FF280ACAE}.Release|Any CPU.Build.0 = Release|Any CPU
	EndGlobalSection
	GlobalSection(SolutionProperties) = preSolution
		HideSolutionNode = FALSE
	EndGlobalSection
	GlobalSection(NestedProjects) = preSolution
		{65092E7C-2B99-4686-A4E9-01CD3E1B639D} = {A5754115-FC7B-4884-9130-D6205F60E6DE}
		{8318F0A3-191B-4A71-B874-F37F83BAA320} = {A5754115-FC7B-4884-9130-D6205F60E6DE}
		{292F542F-8678-42D4-8AA1-0ACC7A60E826} = {A5754115-FC7B-4884-9130-D6205F60E6DE}
		{E3057FA6-75EF-40AF-B180-563D5A242080} = {7B763051-374C-41EC-9D18-0EB6D3128513}
		{494E55EB-4DF8-4BEC-8900-5E8FF280ACAE} = {69F260A4-364B-45BB-8470-F13157300428}
	EndGlobalSection
	GlobalSection(ExtensibilityGlobals) = postSolution
		SolutionGuid = {C1B82C31-30CA-4310-BA07-714C79B2A682}
	EndGlobalSection
EndGlobal
